
Microsoft Visual Studio Solution File, Format Version 12.00
Project("{2150E333-8FDC-42A3-9474-1A3956D46DE8}") = "src", "src", "{00072DEB-0947-4ABA-A10A-29679FCC31C7}"
EndProject
Project("{2150E333-8FDC-42A3-9474-1A3956D46DE8}") = "tests", "tests", "{ED583B6B-21CC-4656-B67F-0F7D44AF6819}"
EndProject
Project("{2150E333-8FDC-42A3-9474-1A3956D46DE8}") = "services", "services", "{E9B2D432-512B-4352-8933-98A497EE5F99}"
EndProject
Project("{2150E333-8FDC-42A3-9474-1A3956D46DE8}") = "Solution Items", "Solution Items", "{18817095-19A2-454C-B6D2-9A8930EA0394}"
ProjectSection(SolutionItems) = preProject
	Dockerfile = Dockerfile
	Readme = Readme
	.dockerignore = .dockerignore
	settings.ruleset = settings.ruleset
EndProjectSection
EndProject
Project("{FAE04EC0-301F-11D3-BF4B-00C04F79EFBC}") = "CartApi", "src\CartApi\CartApi.csproj", "{43093EC4-E071-4E29-9194-6AED9EF3D291}"
EndProject
Project("{FAE04EC0-301F-11D3-BF4B-00C04F79EFBC}") = "CartApi.Service", "services\CartApi.Service\CartApi.Service.csproj", "{D3C2877C-D9B2-4C20-A93B-CFBBC524BD48}"
EndProject
Global
	GlobalSection(SolutionConfigurationPlatforms) = preSolution
		Debug|Any CPU = Debug|Any CPU
		Release|Any CPU = Release|Any CPU
	EndGlobalSection
	GlobalSection(ProjectConfigurationPlatforms) = postSolution
		{43093EC4-E071-4E29-9194-6AED9EF3D291}.Debug|Any CPU.ActiveCfg = Debug|Any CPU
		{43093EC4-E071-4E29-9194-6AED9EF3D291}.Debug|Any CPU.Build.0 = Debug|Any CPU
		{43093EC4-E071-4E29-9194-6AED9EF3D291}.Release|Any CPU.ActiveCfg = Release|Any CPU
		{43093EC4-E071-4E29-9194-6AED9EF3D291}.Release|Any CPU.Build.0 = Release|Any CPU
		{D3C2877C-D9B2-4C20-A93B-CFBBC524BD48}.Debug|Any CPU.ActiveCfg = Debug|Any CPU
		{D3C2877C-D9B2-4C20-A93B-CFBBC524BD48}.Debug|Any CPU.Build.0 = Debug|Any CPU
		{D3C2877C-D9B2-4C20-A93B-CFBBC524BD48}.Release|Any CPU.ActiveCfg = Release|Any CPU
		{D3C2877C-D9B2-4C20-A93B-CFBBC524BD48}.Release|Any CPU.Build.0 = Release|Any CPU
	EndGlobalSection
	GlobalSection(NestedProjects) = preSolution
		{43093EC4-E071-4E29-9194-6AED9EF3D291} = {00072DEB-0947-4ABA-A10A-29679FCC31C7}
		{D3C2877C-D9B2-4C20-A93B-CFBBC524BD48} = {E9B2D432-512B-4352-8933-98A497EE5F99}
	EndGlobalSection
EndGlobal
